// !$*UTF8*$!
{
	archiveVersion = 1;
	classes = {
	};
	objectVersion = 46;
	objects = {

/* Begin PBXBuildFile section */
		686F98AF1568111C0049DFC6 /* Cocoa.framework in Frameworks */ = {isa = PBXBuildFile; fileRef = 686F98AE1568111C0049DFC6 /* Cocoa.framework */; };
		686F98B91568111C0049DFC6 /* InfoPlist.strings in Resources */ = {isa = PBXBuildFile; fileRef = 686F98B71568111C0049DFC6 /* InfoPlist.strings */; };
		686F98BB1568111C0049DFC6 /* main.m in Sources */ = {isa = PBXBuildFile; fileRef = 686F98BA1568111C0049DFC6 /* main.m */; };
		686F98C21568111C0049DFC6 /* AppDelegate.m in Sources */ = {isa = PBXBuildFile; fileRef = 686F98C11568111C0049DFC6 /* AppDelegate.m */; };
		686F98C51568111D0049DFC6 /* Main.xib in Resources */ = {isa = PBXBuildFile; fileRef = 686F98C31568111D0049DFC6 /* Main.xib */; };
		686F98CD156811450049DFC6 /* StatusBarController.m in Sources */ = {isa = PBXBuildFile; fileRef = 686F98CC156811450049DFC6 /* StatusBarController.m */; };
		686F98D41568138F0049DFC6 /* LifeProgress.m in Sources */ = {isa = PBXBuildFile; fileRef = 686F98D31568138F0049DFC6 /* LifeProgress.m */; };
		68868DB7177A90BD003ACC96 /* SenTestingKit.framework in Frameworks */ = {isa = PBXBuildFile; fileRef = 68868DB6177A90BD003ACC96 /* SenTestingKit.framework */; };
		68868DB8177A90BD003ACC96 /* Cocoa.framework in Frameworks */ = {isa = PBXBuildFile; fileRef = 686F98AE1568111C0049DFC6 /* Cocoa.framework */; };
		68868DBF177A90BD003ACC96 /* InfoPlist.strings in Resources */ = {isa = PBXBuildFile; fileRef = 68868DBD177A90BD003ACC96 /* InfoPlist.strings */; };
		68868DC2177A90BD003ACC96 /* Mortal_Test.m in Sources */ = {isa = PBXBuildFile; fileRef = 68868DC1177A90BD003ACC96 /* Mortal_Test.m */; };
		68868DCB177A9239003ACC96 /* LifeProgress.m in Sources */ = {isa = PBXBuildFile; fileRef = 686F98D31568138F0049DFC6 /* LifeProgress.m */; };
/* End PBXBuildFile section */

/* Begin PBXContainerItemProxy section */
		68868DC9177A9232003ACC96 /* PBXContainerItemProxy */ = {
			isa = PBXContainerItemProxy;
			containerPortal = 686F98A11568111C0049DFC6 /* Project object */;
			proxyType = 1;
			remoteGlobalIDString = 686F98A91568111C0049DFC6;
			remoteInfo = Mortal;
		};
/* End PBXContainerItemProxy section */

/* Begin PBXFileReference section */
		686F98AA1568111C0049DFC6 /* Mortal.app */ = {isa = PBXFileReference; explicitFileType = wrapper.application; includeInIndex = 0; path = Mortal.app; sourceTree = BUILT_PRODUCTS_DIR; };
		686F98AE1568111C0049DFC6 /* Cocoa.framework */ = {isa = PBXFileReference; lastKnownFileType = wrapper.framework; name = Cocoa.framework; path = System/Library/Frameworks/Cocoa.framework; sourceTree = SDKROOT; };
		686F98B11568111C0049DFC6 /* AppKit.framework */ = {isa = PBXFileReference; lastKnownFileType = wrapper.framework; name = AppKit.framework; path = System/Library/Frameworks/AppKit.framework; sourceTree = SDKROOT; };
		686F98B31568111C0049DFC6 /* Foundation.framework */ = {isa = PBXFileReference; lastKnownFileType = wrapper.framework; name = Foundation.framework; path = System/Library/Frameworks/Foundation.framework; sourceTree = SDKROOT; };
		686F98B61568111C0049DFC6 /* Mortal-Info.plist */ = {isa = PBXFileReference; lastKnownFileType = text.plist.xml; path = "Mortal-Info.plist"; sourceTree = "<group>"; };
		686F98B81568111C0049DFC6 /* en */ = {isa = PBXFileReference; lastKnownFileType = text.plist.strings; name = en; path = en.lproj/InfoPlist.strings; sourceTree = "<group>"; };
		686F98BA1568111C0049DFC6 /* main.m */ = {isa = PBXFileReference; lastKnownFileType = sourcecode.c.objc; path = main.m; sourceTree = "<group>"; };
		686F98BC1568111C0049DFC6 /* Mortal-Prefix.pch */ = {isa = PBXFileReference; lastKnownFileType = sourcecode.c.h; path = "Mortal-Prefix.pch"; sourceTree = "<group>"; };
		686F98C01568111C0049DFC6 /* AppDelegate.h */ = {isa = PBXFileReference; lastKnownFileType = sourcecode.c.h; path = AppDelegate.h; sourceTree = "<group>"; };
		686F98C11568111C0049DFC6 /* AppDelegate.m */ = {isa = PBXFileReference; lastKnownFileType = sourcecode.c.objc; path = AppDelegate.m; sourceTree = "<group>"; };
		686F98C41568111D0049DFC6 /* en */ = {isa = PBXFileReference; lastKnownFileType = file.xib; name = en; path = en.lproj/Main.xib; sourceTree = "<group>"; };
		686F98CB156811450049DFC6 /* StatusBarController.h */ = {isa = PBXFileReference; fileEncoding = 4; lastKnownFileType = sourcecode.c.h; path = StatusBarController.h; sourceTree = "<group>"; };
		686F98CC156811450049DFC6 /* StatusBarController.m */ = {isa = PBXFileReference; fileEncoding = 4; lastKnownFileType = sourcecode.c.objc; path = StatusBarController.m; sourceTree = "<group>"; };
		686F98D21568138F0049DFC6 /* LifeProgress.h */ = {isa = PBXFileReference; fileEncoding = 4; lastKnownFileType = sourcecode.c.h; path = LifeProgress.h; sourceTree = "<group>"; };
		686F98D31568138F0049DFC6 /* LifeProgress.m */ = {isa = PBXFileReference; fileEncoding = 4; lastKnownFileType = sourcecode.c.objc; path = LifeProgress.m; sourceTree = "<group>"; };
		68868DB5177A90BD003ACC96 /* Mortal Test.octest */ = {isa = PBXFileReference; explicitFileType = wrapper.cfbundle; includeInIndex = 0; path = "Mortal Test.octest"; sourceTree = BUILT_PRODUCTS_DIR; };
		68868DB6177A90BD003ACC96 /* SenTestingKit.framework */ = {isa = PBXFileReference; lastKnownFileType = wrapper.framework; name = SenTestingKit.framework; path = Library/Frameworks/SenTestingKit.framework; sourceTree = DEVELOPER_DIR; };
		68868DB9177A90BD003ACC96 /* CoreData.framework */ = {isa = PBXFileReference; lastKnownFileType = wrapper.framework; name = CoreData.framework; path = Library/Frameworks/CoreData.framework; sourceTree = SDKROOT; };
		68868DBC177A90BD003ACC96 /* Mortal Test-Info.plist */ = {isa = PBXFileReference; lastKnownFileType = text.plist.xml; path = "Mortal Test-Info.plist"; sourceTree = "<group>"; };
		68868DBE177A90BD003ACC96 /* en */ = {isa = PBXFileReference; lastKnownFileType = text.plist.strings; name = en; path = en.lproj/InfoPlist.strings; sourceTree = "<group>"; };
		68868DC0177A90BD003ACC96 /* Mortal_Test.h */ = {isa = PBXFileReference; lastKnownFileType = sourcecode.c.h; path = Mortal_Test.h; sourceTree = "<group>"; };
		68868DC1177A90BD003ACC96 /* Mortal_Test.m */ = {isa = PBXFileReference; lastKnownFileType = sourcecode.c.objc; path = Mortal_Test.m; sourceTree = "<group>"; };
		68868DC3177A90BD003ACC96 /* Mortal Test-Prefix.pch */ = {isa = PBXFileReference; lastKnownFileType = sourcecode.c.h; path = "Mortal Test-Prefix.pch"; sourceTree = "<group>"; };
/* End PBXFileReference section */

/* Begin PBXFrameworksBuildPhase section */
		686F98A71568111C0049DFC6 /* Frameworks */ = {
			isa = PBXFrameworksBuildPhase;
			buildActionMask = 2147483647;
			files = (
				686F98AF1568111C0049DFC6 /* Cocoa.framework in Frameworks */,
			);
			runOnlyForDeploymentPostprocessing = 0;
		};
		68868DB1177A90BC003ACC96 /* Frameworks */ = {
			isa = PBXFrameworksBuildPhase;
			buildActionMask = 2147483647;
			files = (
				68868DB7177A90BD003ACC96 /* SenTestingKit.framework in Frameworks */,
				68868DB8177A90BD003ACC96 /* Cocoa.framework in Frameworks */,
			);
			runOnlyForDeploymentPostprocessing = 0;
		};
/* End PBXFrameworksBuildPhase section */

/* Begin PBXGroup section */
		686F989F1568111C0049DFC6 = {
			isa = PBXGroup;
			children = (
				686F98B41568111C0049DFC6 /* Mortal */,
				68868DBA177A90BD003ACC96 /* Mortal Test */,
				686F98AD1568111C0049DFC6 /* Frameworks */,
				686F98AB1568111C0049DFC6 /* Products */,
			);
			sourceTree = "<group>";
		};
		686F98AB1568111C0049DFC6 /* Products */ = {
			isa = PBXGroup;
			children = (
				686F98AA1568111C0049DFC6 /* Mortal.app */,
				68868DB5177A90BD003ACC96 /* Mortal Test.octest */,
			);
			name = Products;
			sourceTree = "<group>";
		};
		686F98AD1568111C0049DFC6 /* Frameworks */ = {
			isa = PBXGroup;
			children = (
				686F98AE1568111C0049DFC6 /* Cocoa.framework */,
				68868DB6177A90BD003ACC96 /* SenTestingKit.framework */,
				686F98B01568111C0049DFC6 /* Other Frameworks */,
			);
			name = Frameworks;
			sourceTree = "<group>";
		};
		686F98B01568111C0049DFC6 /* Other Frameworks */ = {
			isa = PBXGroup;
			children = (
				686F98B11568111C0049DFC6 /* AppKit.framework */,
				686F98B31568111C0049DFC6 /* Foundation.framework */,
				68868DB9177A90BD003ACC96 /* CoreData.framework */,
			);
			name = "Other Frameworks";
			sourceTree = "<group>";
		};
		686F98B41568111C0049DFC6 /* Mortal */ = {
			isa = PBXGroup;
			children = (
				686F98C01568111C0049DFC6 /* AppDelegate.h */,
				686F98C11568111C0049DFC6 /* AppDelegate.m */,
				686F98C31568111D0049DFC6 /* Main.xib */,
				686F98B51568111C0049DFC6 /* Supporting Files */,
				686F98CB156811450049DFC6 /* StatusBarController.h */,
				686F98CC156811450049DFC6 /* StatusBarController.m */,
				686F98D21568138F0049DFC6 /* LifeProgress.h */,
				686F98D31568138F0049DFC6 /* LifeProgress.m */,
			);
			path = Mortal;
			sourceTree = "<group>";
		};
		686F98B51568111C0049DFC6 /* Supporting Files */ = {
			isa = PBXGroup;
			children = (
				686F98B61568111C0049DFC6 /* Mortal-Info.plist */,
				686F98B71568111C0049DFC6 /* InfoPlist.strings */,
				686F98BA1568111C0049DFC6 /* main.m */,
				686F98BC1568111C0049DFC6 /* Mortal-Prefix.pch */,
			);
			name = "Supporting Files";
			sourceTree = "<group>";
		};
		68868DBA177A90BD003ACC96 /* Mortal Test */ = {
			isa = PBXGroup;
			children = (
				68868DC0177A90BD003ACC96 /* Mortal_Test.h */,
				68868DC1177A90BD003ACC96 /* Mortal_Test.m */,
				68868DBB177A90BD003ACC96 /* Supporting Files */,
			);
			path = "Mortal Test";
			sourceTree = "<group>";
		};
		68868DBB177A90BD003ACC96 /* Supporting Files */ = {
			isa = PBXGroup;
			children = (
				68868DBC177A90BD003ACC96 /* Mortal Test-Info.plist */,
				68868DBD177A90BD003ACC96 /* InfoPlist.strings */,
				68868DC3177A90BD003ACC96 /* Mortal Test-Prefix.pch */,
			);
			name = "Supporting Files";
			sourceTree = "<group>";
		};
/* End PBXGroup section */

/* Begin PBXNativeTarget section */
		686F98A91568111C0049DFC6 /* Mortal */ = {
			isa = PBXNativeTarget;
			buildConfigurationList = 686F98C81568111D0049DFC6 /* Build configuration list for PBXNativeTarget "Mortal" */;
			buildPhases = (
				686F98A61568111C0049DFC6 /* Sources */,
				686F98A71568111C0049DFC6 /* Frameworks */,
				686F98A81568111C0049DFC6 /* Resources */,
			);
			buildRules = (
			);
			dependencies = (
			);
			name = Mortal;
			productName = Mortal;
			productReference = 686F98AA1568111C0049DFC6 /* Mortal.app */;
			productType = "com.apple.product-type.application";
		};
		68868DB4177A90BC003ACC96 /* Mortal Test */ = {
			isa = PBXNativeTarget;
			buildConfigurationList = 68868DC6177A90BD003ACC96 /* Build configuration list for PBXNativeTarget "Mortal Test" */;
			buildPhases = (
				68868DB0177A90BC003ACC96 /* Sources */,
				68868DB1177A90BC003ACC96 /* Frameworks */,
				68868DB2177A90BC003ACC96 /* Resources */,
				68868DB3177A90BC003ACC96 /* ShellScript */,
			);
			buildRules = (
			);
			dependencies = (
				68868DCA177A9232003ACC96 /* PBXTargetDependency */,
			);
			name = "Mortal Test";
			productName = "Mortal Test";
			productReference = 68868DB5177A90BD003ACC96 /* Mortal Test.octest */;
			productType = "com.apple.product-type.bundle";
		};
/* End PBXNativeTarget section */

/* Begin PBXProject section */
		686F98A11568111C0049DFC6 /* Project object */ = {
			isa = PBXProject;
			attributes = {
				LastUpgradeCheck = 0460;
				ORGANIZATIONNAME = "@forresty";
			};
			buildConfigurationList = 686F98A41568111C0049DFC6 /* Build configuration list for PBXProject "Mortal" */;
			compatibilityVersion = "Xcode 3.2";
			developmentRegion = English;
			hasScannedForEncodings = 0;
			knownRegions = (
				en,
			);
			mainGroup = 686F989F1568111C0049DFC6;
			productRefGroup = 686F98AB1568111C0049DFC6 /* Products */;
			projectDirPath = "";
			projectRoot = "";
			targets = (
				686F98A91568111C0049DFC6 /* Mortal */,
				68868DB4177A90BC003ACC96 /* Mortal Test */,
			);
		};
/* End PBXProject section */

/* Begin PBXResourcesBuildPhase section */
		686F98A81568111C0049DFC6 /* Resources */ = {
			isa = PBXResourcesBuildPhase;
			buildActionMask = 2147483647;
			files = (
				686F98B91568111C0049DFC6 /* InfoPlist.strings in Resources */,
				686F98C51568111D0049DFC6 /* Main.xib in Resources */,
			);
			runOnlyForDeploymentPostprocessing = 0;
		};
		68868DB2177A90BC003ACC96 /* Resources */ = {
			isa = PBXResourcesBuildPhase;
			buildActionMask = 2147483647;
			files = (
				68868DBF177A90BD003ACC96 /* InfoPlist.strings in Resources */,
			);
			runOnlyForDeploymentPostprocessing = 0;
		};
/* End PBXResourcesBuildPhase section */

/* Begin PBXShellScriptBuildPhase section */
		68868DB3177A90BC003ACC96 /* ShellScript */ = {
			isa = PBXShellScriptBuildPhase;
			buildActionMask = 2147483647;
			files = (
			);
			inputPaths = (
			);
			outputPaths = (
			);
			runOnlyForDeploymentPostprocessing = 0;
			shellPath = /bin/sh;
			shellScript = "# Run the unit tests in this test bundle.\n\"${SYSTEM_DEVELOPER_DIR}/Tools/RunUnitTests\"\n";
		};
/* End PBXShellScriptBuildPhase section */

/* Begin PBXSourcesBuildPhase section */
		686F98A61568111C0049DFC6 /* Sources */ = {
			isa = PBXSourcesBuildPhase;
			buildActionMask = 2147483647;
			files = (
				686F98BB1568111C0049DFC6 /* main.m in Sources */,
				686F98C21568111C0049DFC6 /* AppDelegate.m in Sources */,
				686F98CD156811450049DFC6 /* StatusBarController.m in Sources */,
				686F98D41568138F0049DFC6 /* LifeProgress.m in Sources */,
			);
			runOnlyForDeploymentPostprocessing = 0;
		};
		68868DB0177A90BC003ACC96 /* Sources */ = {
			isa = PBXSourcesBuildPhase;
			buildActionMask = 2147483647;
			files = (
				68868DCB177A9239003ACC96 /* LifeProgress.m in Sources */,
				68868DC2177A90BD003ACC96 /* Mortal_Test.m in Sources */,
			);
			runOnlyForDeploymentPostprocessing = 0;
		};
/* End PBXSourcesBuildPhase section */

/* Begin PBXTargetDependency section */
		68868DCA177A9232003ACC96 /* PBXTargetDependency */ = {
			isa = PBXTargetDependency;
			target = 686F98A91568111C0049DFC6 /* Mortal */;
			targetProxy = 68868DC9177A9232003ACC96 /* PBXContainerItemProxy */;
		};
/* End PBXTargetDependency section */

/* Begin PBXVariantGroup section */
		686F98B71568111C0049DFC6 /* InfoPlist.strings */ = {
			isa = PBXVariantGroup;
			children = (
				686F98B81568111C0049DFC6 /* en */,
			);
			name = InfoPlist.strings;
			sourceTree = "<group>";
		};
		686F98C31568111D0049DFC6 /* Main.xib */ = {
			isa = PBXVariantGroup;
			children = (
				686F98C41568111D0049DFC6 /* en */,
			);
			name = Main.xib;
			sourceTree = "<group>";
		};
		68868DBD177A90BD003ACC96 /* InfoPlist.strings */ = {
			isa = PBXVariantGroup;
			children = (
				68868DBE177A90BD003ACC96 /* en */,
			);
			name = InfoPlist.strings;
			sourceTree = "<group>";
		};
/* End PBXVariantGroup section */

/* Begin XCBuildConfiguration section */
		686F98C61568111D0049DFC6 /* Debug */ = {
			isa = XCBuildConfiguration;
			buildSettings = {
				ALWAYS_SEARCH_USER_PATHS = NO;
				ARCHS = "$(ARCHS_STANDARD_64_BIT)";
				CLANG_ENABLE_OBJC_ARC = YES;
				CLANG_WARN_CONSTANT_CONVERSION = YES;
				CLANG_WARN_ENUM_CONVERSION = YES;
				CLANG_WARN_INT_CONVERSION = YES;
				CLANG_WARN__DUPLICATE_METHOD_MATCH = YES;
				COPY_PHASE_STRIP = NO;
				GCC_C_LANGUAGE_STANDARD = gnu99;
				GCC_DYNAMIC_NO_PIC = NO;
				GCC_ENABLE_OBJC_EXCEPTIONS = YES;
				GCC_OPTIMIZATION_LEVEL = 0;
				GCC_PREPROCESSOR_DEFINITIONS = (
					"DEBUG=1",
					"$(inherited)",
				);
				GCC_SYMBOLS_PRIVATE_EXTERN = NO;
				GCC_VERSION = com.apple.compilers.llvm.clang.1_0;
				GCC_WARN_64_TO_32_BIT_CONVERSION = YES;
				GCC_WARN_ABOUT_RETURN_TYPE = YES;
				GCC_WARN_UNINITIALIZED_AUTOS = YES;
				GCC_WARN_UNUSED_VARIABLE = YES;
				MACOSX_DEPLOYMENT_TARGET = 10.7;
				ONLY_ACTIVE_ARCH = YES;
				SDKROOT = macosx;
			};
			name = Debug;
		};
		686F98C71568111D0049DFC6 /* Release */ = {
			isa = XCBuildConfiguration;
			buildSettings = {
				ALWAYS_SEARCH_USER_PATHS = NO;
				ARCHS = "$(ARCHS_STANDARD_64_BIT)";
				CLANG_ENABLE_OBJC_ARC = YES;
				CLANG_WARN_CONSTANT_CONVERSION = YES;
				CLANG_WARN_ENUM_CONVERSION = YES;
				CLANG_WARN_INT_CONVERSION = YES;
				CLANG_WARN__DUPLICATE_METHOD_MATCH = YES;
				COPY_PHASE_STRIP = YES;
				DEBUG_INFORMATION_FORMAT = "dwarf-with-dsym";
				GCC_C_LANGUAGE_STANDARD = gnu99;
				GCC_ENABLE_OBJC_EXCEPTIONS = YES;
				GCC_VERSION = com.apple.compilers.llvm.clang.1_0;
				GCC_WARN_64_TO_32_BIT_CONVERSION = YES;
				GCC_WARN_ABOUT_RETURN_TYPE = YES;
				GCC_WARN_UNINITIALIZED_AUTOS = YES;
				GCC_WARN_UNUSED_VARIABLE = YES;
				MACOSX_DEPLOYMENT_TARGET = 10.7;
				SDKROOT = macosx;
			};
			name = Release;
		};
		686F98C91568111D0049DFC6 /* Debug */ = {
			isa = XCBuildConfiguration;
			buildSettings = {
				COMBINE_HIDPI_IMAGES = YES;
				GCC_PRECOMPILE_PREFIX_HEADER = YES;
				GCC_PREFIX_HEADER = "Mortal/Mortal-Prefix.pch";
				INFOPLIST_FILE = "Mortal/Mortal-Info.plist";
				OTHER_CFLAGS = "-Wall";
				PRODUCT_NAME = "$(TARGET_NAME)";
				WRAPPER_EXTENSION = app;
			};
			name = Debug;
		};
		686F98CA1568111D0049DFC6 /* Release */ = {
			isa = XCBuildConfiguration;
			buildSettings = {
				COMBINE_HIDPI_IMAGES = YES;
				GCC_PRECOMPILE_PREFIX_HEADER = YES;
				GCC_PREFIX_HEADER = "Mortal/Mortal-Prefix.pch";
				INFOPLIST_FILE = "Mortal/Mortal-Info.plist";
				OTHER_CFLAGS = "-Wall";
				PRODUCT_NAME = "$(TARGET_NAME)";
				WRAPPER_EXTENSION = app;
			};
			name = Release;
		};
		68868DC4177A90BD003ACC96 /* Debug */ = {
			isa = XCBuildConfiguration;
			buildSettings = {
				CLANG_CXX_LANGUAGE_STANDARD = "gnu++0x";
				CLANG_CXX_LIBRARY = "libc++";
				CLANG_WARN_EMPTY_BODY = YES;
				COMBINE_HIDPI_IMAGES = YES;
				FRAMEWORK_SEARCH_PATHS = "\"$(DEVELOPER_LIBRARY_DIR)/Frameworks\"";
				GCC_PRECOMPILE_PREFIX_HEADER = YES;
				GCC_PREFIX_HEADER = "Mortal Test/Mortal Test-Prefix.pch";
				INFOPLIST_FILE = "Mortal Test/Mortal Test-Info.plist";
				MACOSX_DEPLOYMENT_TARGET = 10.8;
				PRODUCT_NAME = "$(TARGET_NAME)";
				WRAPPER_EXTENSION = octest;
			};
			name = Debug;
		};
		68868DC5177A90BD003ACC96 /* Release */ = {
			isa = XCBuildConfiguration;
			buildSettings = {
				CLANG_CXX_LANGUAGE_STANDARD = "gnu++0x";
				CLANG_CXX_LIBRARY = "libc++";
				CLANG_WARN_EMPTY_BODY = YES;
				COMBINE_HIDPI_IMAGES = YES;
				FRAMEWORK_SEARCH_PATHS = "\"$(DEVELOPER_LIBRARY_DIR)/Frameworks\"";
				GCC_PRECOMPILE_PREFIX_HEADER = YES;
				GCC_PREFIX_HEADER = "Mortal Test/Mortal Test-Prefix.pch";
				INFOPLIST_FILE = "Mortal Test/Mortal Test-Info.plist";
				MACOSX_DEPLOYMENT_TARGET = 10.8;
				PRODUCT_NAME = "$(TARGET_NAME)";
				WRAPPER_EXTENSION = octest;
			};
			name = Release;
		};
/* End XCBuildConfiguration section */

/* Begin XCConfigurationList section */
		686F98A41568111C0049DFC6 /* Build configuration list for PBXProject "Mortal" */ = {
			isa = XCConfigurationList;
			buildConfigurations = (
				686F98C61568111D0049DFC6 /* Debug */,
				686F98C71568111D0049DFC6 /* Release */,
			);
			defaultConfigurationIsVisible = 0;
			defaultConfigurationName = Release;
		};
		686F98C81568111D0049DFC6 /* Build configuration list for PBXNativeTarget "Mortal" */ = {
			isa = XCConfigurationList;
			buildConfigurations = (
				686F98C91568111D0049DFC6 /* Debug */,
				686F98CA1568111D0049DFC6 /* Release */,
			);
			defaultConfigurationIsVisible = 0;
			defaultConfigurationName = Release;
		};
		68868DC6177A90BD003ACC96 /* Build configuration list for PBXNativeTarget "Mortal Test" */ = {
			isa = XCConfigurationList;
			buildConfigurations = (
				68868DC4177A90BD003ACC96 /* Debug */,
				68868DC5177A90BD003ACC96 /* Release */,
			);
			defaultConfigurationIsVisible = 0;
		};
/* End XCConfigurationList section */
	};
	rootObject = 686F98A11568111C0049DFC6 /* Project object */;
}
